
Microsoft Visual Studio Solution File, Format Version 12.00
# Visual Studio Version 16
VisualStudioVersion = 16.0.32602.291
MinimumVisualStudioVersion = 10.0.40219.1
Project("{FAE04EC0-301F-11D3-BF4B-00C04F79EFBC}") = "ARMSWinClient", "ARMSWinClient\ARMSWinClient.csproj", "{ADDC6603-9770-42E4-A050-C64FC57983DB}"
EndProject
Project("{FAE04EC0-301F-11D3-BF4B-00C04F79EFBC}") = "ARMSBOLayer", "ARMSBOLayer\ARMSBOLayer.csproj", "{17903F43-2D41-4409-8E72-841FD5611868}"
EndProject
Project("{FAE04EC0-301F-11D3-BF4B-00C04F79EFBC}") = "ARMSDALayer", "ARMSDALayer\ARMSDALayer.csproj", "{5C44F101-AEA8-4BA2-A63A-8636F605FABD}"
EndProject
Global
	GlobalSection(SolutionConfigurationPlatforms) = preSolution
		Debug|Any CPU = Debug|Any CPU
		Release|Any CPU = Release|Any CPU
	EndGlobalSection
	GlobalSection(ProjectConfigurationPlatforms) = postSolution
		{ADDC6603-9770-42E4-A050-C64FC57983DB}.Debug|Any CPU.ActiveCfg = Debug|Any CPU
		{ADDC6603-9770-42E4-A050-C64FC57983DB}.Debug|Any CPU.Build.0 = Debug|Any CPU
		{ADDC6603-9770-42E4-A050-C64FC57983DB}.Release|Any CPU.ActiveCfg = Release|Any CPU
		{ADDC6603-9770-42E4-A050-C64FC57983DB}.Release|Any CPU.Build.0 = Release|Any CPU
		{17903F43-2D41-4409-8E72-841FD5611868}.Debug|Any CPU.ActiveCfg = Debug|Any CPU
		{17903F43-2D41-4409-8E72-841FD5611868}.Debug|Any CPU.Build.0 = Debug|Any CPU
		{17903F43-2D41-4409-8E72-841FD5611868}.Release|Any CPU.ActiveCfg = Release|Any CPU
		{17903F43-2D41-4409-8E72-841FD5611868}.Release|Any CPU.Build.0 = Release|Any CPU
		{5C44F101-AEA8-4BA2-A63A-8636F605FABD}.Debug|Any CPU.ActiveCfg = Debug|Any CPU
		{5C44F101-AEA8-4BA2-A63A-8636F605FABD}.Debug|Any CPU.Build.0 = Debug|Any CPU
		{5C44F101-AEA8-4BA2-A63A-8636F605FABD}.Release|Any CPU.ActiveCfg = Release|Any CPU
		{5C44F101-AEA8-4BA2-A63A-8636F605FABD}.Release|Any CPU.Build.0 = Release|Any CPU
	EndGlobalSection
	GlobalSection(SolutionProperties) = preSolution
		HideSolutionNode = FALSE
	EndGlobalSection
	GlobalSection(ExtensibilityGlobals) = postSolution
		SolutionGuid = {91E59C3E-BAD4-4C4B-8DF1-0899887C9435}
	EndGlobalSection
EndGlobal
